
Microsoft Visual Studio Solution File, Format Version 12.00
# Visual Studio Version 17
VisualStudioVersion = 17.14.36811.4
MinimumVisualStudioVersion = 10.0.40219.1
Project("{FAE04EC0-301F-11D3-BF4B-00C04F79EFBC}") = "BuffetAPI", "BuffetAPI\BuffetAPI.csproj", "{2CFEF1CA-63ED-4F4F-ABCE-8766DD5E29F6}"
EndProject
Project("{FAE04EC0-301F-11D3-BF4B-00C04F79EFBC}") = "ShabuPOS", "ShabuPOS\ShabuPOS.csproj", "{4971D2C3-A6C0-4806-AE38-EF9D9DDFEF77}"
EndProject
Global
	GlobalSection(SolutionConfigurationPlatforms) = preSolution
		Debug|Any CPU = Debug|Any CPU
		Release|Any CPU = Release|Any CPU
	EndGlobalSection
	GlobalSection(ProjectConfigurationPlatforms) = postSolution
		{2CFEF1CA-63ED-4F4F-ABCE-8766DD5E29F6}.Debug|Any CPU.ActiveCfg = Debug|Any CPU
		{2CFEF1CA-63ED-4F4F-ABCE-8766DD5E29F6}.Debug|Any CPU.Build.0 = Debug|Any CPU
		{2CFEF1CA-63ED-4F4F-ABCE-8766DD5E29F6}.Release|Any CPU.ActiveCfg = Release|Any CPU
		{2CFEF1CA-63ED-4F4F-ABCE-8766DD5E29F6}.Release|Any CPU.Build.0 = Release|Any CPU
		{4971D2C3-A6C0-4806-AE38-EF9D9DDFEF77}.Debug|Any CPU.ActiveCfg = Debug|Any CPU
		{4971D2C3-A6C0-4806-AE38-EF9D9DDFEF77}.Debug|Any CPU.Build.0 = Debug|Any CPU
		{4971D2C3-A6C0-4806-AE38-EF9D9DDFEF77}.Release|Any CPU.ActiveCfg = Release|Any CPU
		{4971D2C3-A6C0-4806-AE38-EF9D9DDFEF77}.Release|Any CPU.Build.0 = Release|Any CPU
	EndGlobalSection
	GlobalSection(SolutionProperties) = preSolution
		HideSolutionNode = FALSE
	EndGlobalSection
	GlobalSection(ExtensibilityGlobals) = postSolution
		SolutionGuid = {7C6AAA8C-C33A-4741-BD22-88032C74D17E}
	EndGlobalSection
EndGlobal
